// !$*UTF8*$!
{
	archiveVersion = 1;
	classes = {
	};
	objectVersion = 50;
	objects = {

/* Begin PBXBuildFile section */
		D86607EA24BE035F00967A6E /* RulesViewController.swift in Sources */ = {isa = PBXBuildFile; fileRef = D86607E924BE035F00967A6E /* RulesViewController.swift */; };
		D899CBD524BE0BA400FB5BA7 /* Deck.swift in Sources */ = {isa = PBXBuildFile; fileRef = D899CBD424BE0BA400FB5BA7 /* Deck.swift */; };
		D8DE6A1124BBF489009742B5 /* AppDelegate.swift in Sources */ = {isa = PBXBuildFile; fileRef = D8DE6A1024BBF489009742B5 /* AppDelegate.swift */; };
		D8DE6A1324BBF489009742B5 /* SceneDelegate.swift in Sources */ = {isa = PBXBuildFile; fileRef = D8DE6A1224BBF489009742B5 /* SceneDelegate.swift */; };
		D8DE6A1A24BBF48A009742B5 /* Assets.xcassets in Resources */ = {isa = PBXBuildFile; fileRef = D8DE6A1924BBF48A009742B5 /* Assets.xcassets */; };
		D8DE6A1D24BBF48A009742B5 /* LaunchScreen.storyboard in Resources */ = {isa = PBXBuildFile; fileRef = D8DE6A1B24BBF48A009742B5 /* LaunchScreen.storyboard */; };
		D8DE6A2524BBF61A009742B5 /* CardSelectionViewController.swift in Sources */ = {isa = PBXBuildFile; fileRef = D8DE6A2424BBF61A009742B5 /* CardSelectionViewController.swift */; };
		D8DE6A2724BBF883009742B5 /* PlayingCardWorkoutButton.swift in Sources */ = {isa = PBXBuildFile; fileRef = D8DE6A2624BBF883009742B5 /* PlayingCardWorkoutButton.swift */; };
/* End PBXBuildFile section */

/* Begin PBXFileReference section */
		D86607E924BE035F00967A6E /* RulesViewController.swift */ = {isa = PBXFileReference; lastKnownFileType = sourcecode.swift; path = RulesViewController.swift; sourceTree = "<group>"; };
		D899CBD424BE0BA400FB5BA7 /* Deck.swift */ = {isa = PBXFileReference; lastKnownFileType = sourcecode.swift; path = Deck.swift; sourceTree = "<group>"; };
		D8DE6A0D24BBF489009742B5 /* PlayingCardWorkoutProgrammatic.app */ = {isa = PBXFileReference; explicitFileType = wrapper.application; includeInIndex = 0; path = PlayingCardWorkoutProgrammatic.app; sourceTree = BUILT_PRODUCTS_DIR; };
		D8DE6A1024BBF489009742B5 /* AppDelegate.swift */ = {isa = PBXFileReference; lastKnownFileType = sourcecode.swift; path = AppDelegate.swift; sourceTree = "<group>"; };
		D8DE6A1224BBF489009742B5 /* SceneDelegate.swift */ = {isa = PBXFileReference; lastKnownFileType = sourcecode.swift; path = SceneDelegate.swift; sourceTree = "<group>"; };
		D8DE6A1924BBF48A009742B5 /* Assets.xcassets */ = {isa = PBXFileReference; lastKnownFileType = folder.assetcatalog; path = Assets.xcassets; sourceTree = "<group>"; };
		D8DE6A1C24BBF48A009742B5 /* Base */ = {isa = PBXFileReference; lastKnownFileType = file.storyboard; name = Base; path = Base.lproj/LaunchScreen.storyboard; sourceTree = "<group>"; };
		D8DE6A1E24BBF48A009742B5 /* Info.plist */ = {isa = PBXFileReference; lastKnownFileType = text.plist.xml; path = Info.plist; sourceTree = "<group>"; };
		D8DE6A2424BBF61A009742B5 /* CardSelectionViewController.swift */ = {isa = PBXFileReference; lastKnownFileType = sourcecode.swift; path = CardSelectionViewController.swift; sourceTree = "<group>"; };
		D8DE6A2624BBF883009742B5 /* PlayingCardWorkoutButton.swift */ = {isa = PBXFileReference; lastKnownFileType = sourcecode.swift; path = PlayingCardWorkoutButton.swift; sourceTree = "<group>"; };
/* End PBXFileReference section */

/* Begin PBXFrameworksBuildPhase section */
		D8DE6A0A24BBF489009742B5 /* Frameworks */ = {
			isa = PBXFrameworksBuildPhase;
			buildActionMask = 2147483647;
			files = (
			);
			runOnlyForDeploymentPostprocessing = 0;
		};
/* End PBXFrameworksBuildPhase section */

/* Begin PBXGroup section */
		D8DE6A0424BBF489009742B5 = {
			isa = PBXGroup;
			children = (
				D8DE6A0F24BBF489009742B5 /* PlayingCardWorkoutProgrammatic */,
				D8DE6A0E24BBF489009742B5 /* Products */,
			);
			sourceTree = "<group>";
		};
		D8DE6A0E24BBF489009742B5 /* Products */ = {
			isa = PBXGroup;
			children = (
				D8DE6A0D24BBF489009742B5 /* PlayingCardWorkoutProgrammatic.app */,
			);
			name = Products;
			sourceTree = "<group>";
		};
		D8DE6A0F24BBF489009742B5 /* PlayingCardWorkoutProgrammatic */ = {
			isa = PBXGroup;
			children = (
				D8DE6A1024BBF489009742B5 /* AppDelegate.swift */,
				D8DE6A1224BBF489009742B5 /* SceneDelegate.swift */,
				D86607E924BE035F00967A6E /* RulesViewController.swift */,
				D8DE6A2424BBF61A009742B5 /* CardSelectionViewController.swift */,
				D8DE6A2624BBF883009742B5 /* PlayingCardWorkoutButton.swift */,
				D899CBD424BE0BA400FB5BA7 /* Deck.swift */,
				D8DE6A1924BBF48A009742B5 /* Assets.xcassets */,
				D8DE6A1B24BBF48A009742B5 /* LaunchScreen.storyboard */,
				D8DE6A1E24BBF48A009742B5 /* Info.plist */,
			);
			path = PlayingCardWorkoutProgrammatic;
			sourceTree = "<group>";
		};
/* End PBXGroup section */

/* Begin PBXNativeTarget section */
		D8DE6A0C24BBF489009742B5 /* PlayingCardWorkoutProgrammatic */ = {
			isa = PBXNativeTarget;
			buildConfigurationList = D8DE6A2124BBF48A009742B5 /* Build configuration list for PBXNativeTarget "PlayingCardWorkoutProgrammatic" */;
			buildPhases = (
				D8DE6A0924BBF489009742B5 /* Sources */,
				D8DE6A0A24BBF489009742B5 /* Frameworks */,
				D8DE6A0B24BBF489009742B5 /* Resources */,
			);
			buildRules = (
			);
			dependencies = (
			);
			name = PlayingCardWorkoutProgrammatic;
			productName = PlayingCardWorkoutProgrammatic;
			productReference = D8DE6A0D24BBF489009742B5 /* PlayingCardWorkoutProgrammatic.app */;
			productType = "com.apple.product-type.application";
		};
/* End PBXNativeTarget section */

/* Begin PBXProject section */
		D8DE6A0524BBF489009742B5 /* Project object */ = {
			isa = PBXProject;
			attributes = {
				LastSwiftUpdateCheck = 1150;
				LastUpgradeCheck = 1150;
				ORGANIZATIONNAME = "Scott Enriquez";
				TargetAttributes = {
					D8DE6A0C24BBF489009742B5 = {
						CreatedOnToolsVersion = 11.5;
					};
				};
			};
			buildConfigurationList = D8DE6A0824BBF489009742B5 /* Build configuration list for PBXProject "PlayingCardWorkoutProgrammatic" */;
			compatibilityVersion = "Xcode 9.3";
			developmentRegion = en;
			hasScannedForEncodings = 0;
			knownRegions = (
				en,
				Base,
			);
			mainGroup = D8DE6A0424BBF489009742B5;
			productRefGroup = D8DE6A0E24BBF489009742B5 /* Products */;
			projectDirPath = "";
			projectRoot = "";
			targets = (
				D8DE6A0C24BBF489009742B5 /* PlayingCardWorkoutProgrammatic */,
			);
		};
/* End PBXProject section */

/* Begin PBXResourcesBuildPhase section */
		D8DE6A0B24BBF489009742B5 /* Resources */ = {
			isa = PBXResourcesBuildPhase;
			buildActionMask = 2147483647;
			files = (
				D8DE6A1D24BBF48A009742B5 /* LaunchScreen.storyboard in Resources */,
				D8DE6A1A24BBF48A009742B5 /* Assets.xcassets in Resources */,
			);
			runOnlyForDeploymentPostprocessing = 0;
		};
/* End PBXResourcesBuildPhase section */

/* Begin PBXSourcesBuildPhase section */
		D8DE6A0924BBF489009742B5 /* Sources */ = {
			isa = PBXSourcesBuildPhase;
			buildActionMask = 2147483647;
			files = (
				D899CBD524BE0BA400FB5BA7 /* Deck.swift in Sources */,
				D86607EA24BE035F00967A6E /* RulesViewController.swift in Sources */,
				D8DE6A1124BBF489009742B5 /* AppDelegate.swift in Sources */,
				D8DE6A1324BBF489009742B5 /* SceneDelegate.swift in Sources */,
				D8DE6A2724BBF883009742B5 /* PlayingCardWorkoutButton.swift in Sources */,
				D8DE6A2524BBF61A009742B5 /* CardSelectionViewController.swift in Sources */,
			);
			runOnlyForDeploymentPostprocessing = 0;
		};
/* End PBXSourcesBuildPhase section */

/* Begin PBXVariantGroup section */
		D8DE6A1B24BBF48A009742B5 /* LaunchScreen.storyboard */ = {
			isa = PBXVariantGroup;
			children = (
				D8DE6A1C24BBF48A009742B5 /* Base */,
			);
			name = LaunchScreen.storyboard;
			sourceTree = "<group>";
		};
/* End PBXVariantGroup section */

/* Begin XCBuildConfiguration section */
		D8DE6A1F24BBF48A009742B5 /* Debug */ = {
			isa = XCBuildConfiguration;
			buildSettings = {
				ALWAYS_SEARCH_USER_PATHS = NO;
				CLANG_ANALYZER_NONNULL = YES;
				CLANG_ANALYZER_NUMBER_OBJECT_CONVERSION = YES_AGGRESSIVE;
				CLANG_CXX_LANGUAGE_STANDARD = "gnu++14";
				CLANG_CXX_LIBRARY = "libc++";
				CLANG_ENABLE_MODULES = YES;
				CLANG_ENABLE_OBJC_ARC = YES;
				CLANG_ENABLE_OBJC_WEAK = YES;
				CLANG_WARN_BLOCK_CAPTURE_AUTORELEASING = YES;
				CLANG_WARN_BOOL_CONVERSION = YES;
				CLANG_WARN_COMMA = YES;
				CLANG_WARN_CONSTANT_CONVERSION = YES;
				CLANG_WARN_DEPRECATED_OBJC_IMPLEMENTATIONS = YES;
				CLANG_WARN_DIRECT_OBJC_ISA_USAGE = YES_ERROR;
				CLANG_WARN_DOCUMENTATION_COMMENTS = YES;
				CLANG_WARN_EMPTY_BODY = YES;
				CLANG_WARN_ENUM_CONVERSION = YES;
				CLANG_WARN_INFINITE_RECURSION = YES;
				CLANG_WARN_INT_CONVERSION = YES;
				CLANG_WARN_NON_LITERAL_NULL_CONVERSION = YES;
				CLANG_WARN_OBJC_IMPLICIT_RETAIN_SELF = YES;
				CLANG_WARN_OBJC_LITERAL_CONVERSION = YES;
				CLANG_WARN_OBJC_ROOT_CLASS = YES_ERROR;
				CLANG_WARN_RANGE_LOOP_ANALYSIS = YES;
				CLANG_WARN_STRICT_PROTOTYPES = YES;
				CLANG_WARN_SUSPICIOUS_MOVE = YES;
				CLANG_WARN_UNGUARDED_AVAILABILITY = YES_AGGRESSIVE;
				CLANG_WARN_UNREACHABLE_CODE = YES;
				CLANG_WARN__DUPLICATE_METHOD_MATCH = YES;
				COPY_PHASE_STRIP = NO;
				DEBUG_INFORMATION_FORMAT = dwarf;
				ENABLE_STRICT_OBJC_MSGSEND = YES;
				ENABLE_TESTABILITY = YES;
				GCC_C_LANGUAGE_STANDARD = gnu11;
				GCC_DYNAMIC_NO_PIC = NO;
				GCC_NO_COMMON_BLOCKS = YES;
				GCC_OPTIMIZATION_LEVEL = 0;
				GCC_PREPROCESSOR_DEFINITIONS = (
					"DEBUG=1",
					"$(inherited)",
				);
				GCC_WARN_64_TO_32_BIT_CONVERSION = YES;
				GCC_WARN_ABOUT_RETURN_TYPE = YES_ERROR;
				GCC_WARN_UNDECLARED_SELECTOR = YES;
				GCC_WARN_UNINITIALIZED_AUTOS = YES_AGGRESSIVE;
				GCC_WARN_UNUSED_FUNCTION = YES;
				GCC_WARN_UNUSED_VARIABLE = YES;
				IPHONEOS_DEPLOYMENT_TARGET = 13.5;
				MTL_ENABLE_DEBUG_INFO = INCLUDE_SOURCE;
				MTL_FAST_MATH = YES;
				ONLY_ACTIVE_ARCH = YES;
				SDKROOT = iphoneos;
				SWIFT_ACTIVE_COMPILATION_CONDITIONS = DEBUG;
				SWIFT_OPTIMIZATION_LEVEL = "-Onone";
			};
			name = Debug;
		};
		D8DE6A2024BBF48A009742B5 /* Release */ = {
			isa = XCBuildConfiguration;
			buildSettings = {
				ALWAYS_SEARCH_USER_PATHS = NO;
				CLANG_ANALYZER_NONNULL = YES;
				CLANG_ANALYZER_NUMBER_OBJECT_CONVERSION = YES_AGGRESSIVE;
				CLANG_CXX_LANGUAGE_STANDARD = "gnu++14";
				CLANG_CXX_LIBRARY = "libc++";
				CLANG_ENABLE_MODULES = YES;
				CLANG_ENABLE_OBJC_ARC = YES;
				CLANG_ENABLE_OBJC_WEAK = YES;
				CLANG_WARN_BLOCK_CAPTURE_AUTORELEASING = YES;
				CLANG_WARN_BOOL_CONVERSION = YES;
				CLANG_WARN_COMMA = YES;
				CLANG_WARN_CONSTANT_CONVERSION = YES;
				CLANG_WARN_DEPRECATED_OBJC_IMPLEMENTATIONS = YES;
				CLANG_WARN_DIRECT_OBJC_ISA_USAGE = YES_ERROR;
				CLANG_WARN_DOCUMENTATION_COMMENTS = YES;
				CLANG_WARN_EMPTY_BODY = YES;
				CLANG_WARN_ENUM_CONVERSION = YES;
				CLANG_WARN_INFINITE_RECURSION = YES;
				CLANG_WARN_INT_CONVERSION = YES;
				CLANG_WARN_NON_LITERAL_NULL_CONVERSION = YES;
				CLANG_WARN_OBJC_IMPLICIT_RETAIN_SELF = YES;
				CLANG_WARN_OBJC_LITERAL_CONVERSION = YES;
				CLANG_WARN_OBJC_ROOT_CLASS = YES_ERROR;
				CLANG_WARN_RANGE_LOOP_ANALYSIS = YES;
				CLANG_WARN_STRICT_PROTOTYPES = YES;
				CLANG_WARN_SUSPICIOUS_MOVE = YES;
				CLANG_WARN_UNGUARDED_AVAILABILITY = YES_AGGRESSIVE;
				CLANG_WARN_UNREACHABLE_CODE = YES;
				CLANG_WARN__DUPLICATE_METHOD_MATCH = YES;
				COPY_PHASE_STRIP = NO;
				DEBUG_INFORMATION_FORMAT = "dwarf-with-dsym";
				ENABLE_NS_ASSERTIONS = NO;
				ENABLE_STRICT_OBJC_MSGSEND = YES;
				GCC_C_LANGUAGE_STANDARD = gnu11;
				GCC_NO_COMMON_BLOCKS = YES;
				GCC_WARN_64_TO_32_BIT_CONVERSION = YES;
				GCC_WARN_ABOUT_RETURN_TYPE = YES_ERROR;
				GCC_WARN_UNDECLARED_SELECTOR = YES;
				GCC_WARN_UNINITIALIZED_AUTOS = YES_AGGRESSIVE;
				GCC_WARN_UNUSED_FUNCTION = YES;
				GCC_WARN_UNUSED_VARIABLE = YES;
				IPHONEOS_DEPLOYMENT_TARGET = 13.5;
				MTL_ENABLE_DEBUG_INFO = NO;
				MTL_FAST_MATH = YES;
				SDKROOT = iphoneos;
				SWIFT_COMPILATION_MODE = wholemodule;
				SWIFT_OPTIMIZATION_LEVEL = "-O";
				VALIDATE_PRODUCT = YES;
			};
			name = Release;
		};
		D8DE6A2224BBF48A009742B5 /* Debug */ = {
			isa = XCBuildConfiguration;
			buildSettings = {
				ASSETCATALOG_COMPILER_APPICON_NAME = AppIcon;
				CODE_SIGN_STYLE = Automatic;
				DEVELOPMENT_TEAM = 7M9B7VB2G9;
				INFOPLIST_FILE = PlayingCardWorkoutProgrammatic/Info.plist;
				LD_RUNPATH_SEARCH_PATHS = (
					"$(inherited)",
					"@executable_path/Frameworks",
				);
				PRODUCT_BUNDLE_IDENTIFIER = xxx.scottie.PlayingCardWorkoutProgrammatic;
				PRODUCT_NAME = "$(TARGET_NAME)";
				SWIFT_VERSION = 5.0;
				TARGETED_DEVICE_FAMILY = "1,2";
			};
			name = Debug;
		};
		D8DE6A2324BBF48A009742B5 /* Release */ = {
			isa = XCBuildConfiguration;
			buildSettings = {
				ASSETCATALOG_COMPILER_APPICON_NAME = AppIcon;
				CODE_SIGN_STYLE = Automatic;
				DEVELOPMENT_TEAM = 7M9B7VB2G9;
				INFOPLIST_FILE = PlayingCardWorkoutProgrammatic/Info.plist;
				LD_RUNPATH_SEARCH_PATHS = (
					"$(inherited)",
					"@executable_path/Frameworks",
				);
				PRODUCT_BUNDLE_IDENTIFIER = xxx.scottie.PlayingCardWorkoutProgrammatic;
				PRODUCT_NAME = "$(TARGET_NAME)";
				SWIFT_VERSION = 5.0;
				TARGETED_DEVICE_FAMILY = "1,2";
			};
			name = Release;
		};
/* End XCBuildConfiguration section */

/* Begin XCConfigurationList section */
		D8DE6A0824BBF489009742B5 /* Build configuration list for PBXProject "PlayingCardWorkoutProgrammatic" */ = {
			isa = XCConfigurationList;
			buildConfigurations = (
				D8DE6A1F24BBF48A009742B5 /* Debug */,
				D8DE6A2024BBF48A009742B5 /* Release */,
			);
			defaultConfigurationIsVisible = 0;
			defaultConfigurationName = Release;
		};
		D8DE6A2124BBF48A009742B5 /* Build configuration list for PBXNativeTarget "PlayingCardWorkoutProgrammatic" */ = {
			isa = XCConfigurationList;
			buildConfigurations = (
				D8DE6A2224BBF48A009742B5 /* Debug */,
				D8DE6A2324BBF48A009742B5 /* Release */,
			);
			defaultConfigurationIsVisible = 0;
			defaultConfigurationName = Release;
		};
/* End XCConfigurationList section */
	};
	rootObject = D8DE6A0524BBF489009742B5 /* Project object */;
}
